
Microsoft Visual Studio Solution File, Format Version 12.00
Project("{FAE04EC0-301F-11D3-BF4B-00C04F79EFBC}") = "ETicaretWebUI.UI", "ETicaretWebUI.UI\ETicaretWebUI.UI.csproj", "{ADB37BE7-602C-4437-8DF8-D21504155D9C}"
EndProject
Project("{FAE04EC0-301F-11D3-BF4B-00C04F79EFBC}") = "ETicaretWEBUI.Core", "ETicaretWEBUI.Core\ETicaretWEBUI.Core.csproj", "{D857544C-15C1-430D-AC04-3E9DE63F2B42}"
EndProject
Project("{FAE04EC0-301F-11D3-BF4B-00C04F79EFBC}") = "ETicaretWEBUI.Helper", "ETicaretWEBUI.Helper\ETicaretWEBUI.Helper.csproj", "{8EC04EE0-8B63-46AE-877F-D1FFE70E2101}"
EndProject
Global
	GlobalSection(SolutionConfigurationPlatforms) = preSolution
		Debug|Any CPU = Debug|Any CPU
		Release|Any CPU = Release|Any CPU
	EndGlobalSection
	GlobalSection(ProjectConfigurationPlatforms) = postSolution
		{ADB37BE7-602C-4437-8DF8-D21504155D9C}.Debug|Any CPU.ActiveCfg = Debug|Any CPU
		{ADB37BE7-602C-4437-8DF8-D21504155D9C}.Debug|Any CPU.Build.0 = Debug|Any CPU
		{ADB37BE7-602C-4437-8DF8-D21504155D9C}.Release|Any CPU.ActiveCfg = Release|Any CPU
		{ADB37BE7-602C-4437-8DF8-D21504155D9C}.Release|Any CPU.Build.0 = Release|Any CPU
		{D857544C-15C1-430D-AC04-3E9DE63F2B42}.Debug|Any CPU.ActiveCfg = Debug|Any CPU
		{D857544C-15C1-430D-AC04-3E9DE63F2B42}.Debug|Any CPU.Build.0 = Debug|Any CPU
		{D857544C-15C1-430D-AC04-3E9DE63F2B42}.Release|Any CPU.ActiveCfg = Release|Any CPU
		{D857544C-15C1-430D-AC04-3E9DE63F2B42}.Release|Any CPU.Build.0 = Release|Any CPU
		{8EC04EE0-8B63-46AE-877F-D1FFE70E2101}.Debug|Any CPU.ActiveCfg = Debug|Any CPU
		{8EC04EE0-8B63-46AE-877F-D1FFE70E2101}.Debug|Any CPU.Build.0 = Debug|Any CPU
		{8EC04EE0-8B63-46AE-877F-D1FFE70E2101}.Release|Any CPU.ActiveCfg = Release|Any CPU
		{8EC04EE0-8B63-46AE-877F-D1FFE70E2101}.Release|Any CPU.Build.0 = Release|Any CPU
	EndGlobalSection
EndGlobal
